// !$*UTF8*$!
{
	archiveVersion = 1;
	classes = {
	};
	objectVersion = 46;
	objects = {

/* Begin PBXBuildFile section */
		31EA7FA682ACB1A6B4A15034 /* Pods_TEDxOhioStateUniversity.framework in Frameworks */ = {isa = PBXBuildFile; fileRef = F7B0784692957DBD63299C76 /* Pods_TEDxOhioStateUniversity.framework */; };
		DC59E6461C5539E10027AE37 /* AppDelegate.swift in Sources */ = {isa = PBXBuildFile; fileRef = DC59E6451C5539E10027AE37 /* AppDelegate.swift */; };
		DC59E64B1C5539E10027AE37 /* Main.storyboard in Resources */ = {isa = PBXBuildFile; fileRef = DC59E6491C5539E10027AE37 /* Main.storyboard */; };
		DC59E64D1C5539E10027AE37 /* Assets.xcassets in Resources */ = {isa = PBXBuildFile; fileRef = DC59E64C1C5539E10027AE37 /* Assets.xcassets */; };
		DC59E6501C5539E10027AE37 /* LaunchScreen.storyboard in Resources */ = {isa = PBXBuildFile; fileRef = DC59E64E1C5539E10027AE37 /* LaunchScreen.storyboard */; };
		DC59E65B1C5539E10027AE37 /* TEDxOhioStateUniversityTests.swift in Sources */ = {isa = PBXBuildFile; fileRef = DC59E65A1C5539E10027AE37 /* TEDxOhioStateUniversityTests.swift */; };
		DC59E6661C553CF50027AE37 /* Speaker.swift in Sources */ = {isa = PBXBuildFile; fileRef = DC59E6651C553CF50027AE37 /* Speaker.swift */; };
		DC59E6681C553D8E0027AE37 /* SpeakerModel.swift in Sources */ = {isa = PBXBuildFile; fileRef = DC59E6671C553D8E0027AE37 /* SpeakerModel.swift */; };
		DCB79EED1C55BAFC008B8ABF /* SpeakerTableViewCell.swift in Sources */ = {isa = PBXBuildFile; fileRef = DCB79EEC1C55BAFC008B8ABF /* SpeakerTableViewCell.swift */; };
		DCB79EEF1C55C54D008B8ABF /* SpeakerTableViewController.swift in Sources */ = {isa = PBXBuildFile; fileRef = DCB79EEE1C55C54D008B8ABF /* SpeakerTableViewController.swift */; };
/* End PBXBuildFile section */

/* Begin PBXContainerItemProxy section */
		DC59E6571C5539E10027AE37 /* PBXContainerItemProxy */ = {
			isa = PBXContainerItemProxy;
			containerPortal = DC59E63A1C5539E10027AE37 /* Project object */;
			proxyType = 1;
			remoteGlobalIDString = DC59E6411C5539E10027AE37;
			remoteInfo = TEDxOhioStateUniversity;
		};
/* End PBXContainerItemProxy section */

/* Begin PBXFileReference section */
		79C2B414AB1E50F014FC7A2E /* Pods-TEDxOhioStateUniversity.debug.xcconfig */ = {isa = PBXFileReference; includeInIndex = 1; lastKnownFileType = text.xcconfig; name = "Pods-TEDxOhioStateUniversity.debug.xcconfig"; path = "Pods/Target Support Files/Pods-TEDxOhioStateUniversity/Pods-TEDxOhioStateUniversity.debug.xcconfig"; sourceTree = "<group>"; };
		B7EB3CD663F8DBE5177F840B /* Pods-TEDxOhioStateUniversity.release.xcconfig */ = {isa = PBXFileReference; includeInIndex = 1; lastKnownFileType = text.xcconfig; name = "Pods-TEDxOhioStateUniversity.release.xcconfig"; path = "Pods/Target Support Files/Pods-TEDxOhioStateUniversity/Pods-TEDxOhioStateUniversity.release.xcconfig"; sourceTree = "<group>"; };
		DC59E6421C5539E10027AE37 /* TEDxOhioStateUniversity.app */ = {isa = PBXFileReference; explicitFileType = wrapper.application; includeInIndex = 0; path = TEDxOhioStateUniversity.app; sourceTree = BUILT_PRODUCTS_DIR; };
		DC59E6451C5539E10027AE37 /* AppDelegate.swift */ = {isa = PBXFileReference; lastKnownFileType = sourcecode.swift; path = AppDelegate.swift; sourceTree = "<group>"; };
		DC59E64A1C5539E10027AE37 /* Base */ = {isa = PBXFileReference; lastKnownFileType = file.storyboard; name = Base; path = Base.lproj/Main.storyboard; sourceTree = "<group>"; };
		DC59E64C1C5539E10027AE37 /* Assets.xcassets */ = {isa = PBXFileReference; lastKnownFileType = folder.assetcatalog; path = Assets.xcassets; sourceTree = "<group>"; };
		DC59E64F1C5539E10027AE37 /* Base */ = {isa = PBXFileReference; lastKnownFileType = file.storyboard; name = Base; path = Base.lproj/LaunchScreen.storyboard; sourceTree = "<group>"; };
		DC59E6511C5539E10027AE37 /* Info.plist */ = {isa = PBXFileReference; lastKnownFileType = text.plist.xml; path = Info.plist; sourceTree = "<group>"; };
		DC59E6561C5539E10027AE37 /* TEDxOhioStateUniversityTests.xctest */ = {isa = PBXFileReference; explicitFileType = wrapper.cfbundle; includeInIndex = 0; path = TEDxOhioStateUniversityTests.xctest; sourceTree = BUILT_PRODUCTS_DIR; };
		DC59E65A1C5539E10027AE37 /* TEDxOhioStateUniversityTests.swift */ = {isa = PBXFileReference; lastKnownFileType = sourcecode.swift; path = TEDxOhioStateUniversityTests.swift; sourceTree = "<group>"; };
		DC59E65C1C5539E10027AE37 /* Info.plist */ = {isa = PBXFileReference; lastKnownFileType = text.plist.xml; path = Info.plist; sourceTree = "<group>"; };
		DC59E6651C553CF50027AE37 /* Speaker.swift */ = {isa = PBXFileReference; fileEncoding = 4; lastKnownFileType = sourcecode.swift; path = Speaker.swift; sourceTree = "<group>"; };
		DC59E6671C553D8E0027AE37 /* SpeakerModel.swift */ = {isa = PBXFileReference; fileEncoding = 4; lastKnownFileType = sourcecode.swift; path = SpeakerModel.swift; sourceTree = "<group>"; };
		DCB79EEC1C55BAFC008B8ABF /* SpeakerTableViewCell.swift */ = {isa = PBXFileReference; fileEncoding = 4; lastKnownFileType = sourcecode.swift; path = SpeakerTableViewCell.swift; sourceTree = "<group>"; };
		DCB79EEE1C55C54D008B8ABF /* SpeakerTableViewController.swift */ = {isa = PBXFileReference; fileEncoding = 4; lastKnownFileType = sourcecode.swift; path = SpeakerTableViewController.swift; sourceTree = "<group>"; };
		F7B0784692957DBD63299C76 /* Pods_TEDxOhioStateUniversity.framework */ = {isa = PBXFileReference; explicitFileType = wrapper.framework; includeInIndex = 0; path = Pods_TEDxOhioStateUniversity.framework; sourceTree = BUILT_PRODUCTS_DIR; };
/* End PBXFileReference section */

/* Begin PBXFrameworksBuildPhase section */
		DC59E63F1C5539E10027AE37 /* Frameworks */ = {
			isa = PBXFrameworksBuildPhase;
			buildActionMask = 2147483647;
			files = (
				31EA7FA682ACB1A6B4A15034 /* Pods_TEDxOhioStateUniversity.framework in Frameworks */,
			);
			runOnlyForDeploymentPostprocessing = 0;
		};
		DC59E6531C5539E10027AE37 /* Frameworks */ = {
			isa = PBXFrameworksBuildPhase;
			buildActionMask = 2147483647;
			files = (
			);
			runOnlyForDeploymentPostprocessing = 0;
		};
/* End PBXFrameworksBuildPhase section */

/* Begin PBXGroup section */
		23AD7B7FBCAF838518C50ECB /* Pods */ = {
			isa = PBXGroup;
			children = (
				79C2B414AB1E50F014FC7A2E /* Pods-TEDxOhioStateUniversity.debug.xcconfig */,
				B7EB3CD663F8DBE5177F840B /* Pods-TEDxOhioStateUniversity.release.xcconfig */,
			);
			name = Pods;
			sourceTree = "<group>";
		};
		DC59E6391C5539E10027AE37 = {
			isa = PBXGroup;
			children = (
				DC59E6441C5539E10027AE37 /* TEDxOhioStateUniversity */,
				DC59E6591C5539E10027AE37 /* TEDxOhioStateUniversityTests */,
				DC59E6431C5539E10027AE37 /* Products */,
				23AD7B7FBCAF838518C50ECB /* Pods */,
				EBA953852DADB219E2A296A1 /* Frameworks */,
			);
			sourceTree = "<group>";
		};
		DC59E6431C5539E10027AE37 /* Products */ = {
			isa = PBXGroup;
			children = (
				DC59E6421C5539E10027AE37 /* TEDxOhioStateUniversity.app */,
				DC59E6561C5539E10027AE37 /* TEDxOhioStateUniversityTests.xctest */,
			);
			name = Products;
			sourceTree = "<group>";
		};
		DC59E6441C5539E10027AE37 /* TEDxOhioStateUniversity */ = {
			isa = PBXGroup;
			children = (
				DC59E6451C5539E10027AE37 /* AppDelegate.swift */,
				DC59E6651C553CF50027AE37 /* Speaker.swift */,
				DC59E6671C553D8E0027AE37 /* SpeakerModel.swift */,
				DCB79EEC1C55BAFC008B8ABF /* SpeakerTableViewCell.swift */,
				DCB79EEE1C55C54D008B8ABF /* SpeakerTableViewController.swift */,
				DC59E6491C5539E10027AE37 /* Main.storyboard */,
				DC59E64C1C5539E10027AE37 /* Assets.xcassets */,
				DC59E64E1C5539E10027AE37 /* LaunchScreen.storyboard */,
				DC59E6511C5539E10027AE37 /* Info.plist */,
			);
			path = TEDxOhioStateUniversity;
			sourceTree = "<group>";
		};
		DC59E6591C5539E10027AE37 /* TEDxOhioStateUniversityTests */ = {
			isa = PBXGroup;
			children = (
				DC59E65A1C5539E10027AE37 /* TEDxOhioStateUniversityTests.swift */,
				DC59E65C1C5539E10027AE37 /* Info.plist */,
			);
			path = TEDxOhioStateUniversityTests;
			sourceTree = "<group>";
		};
		EBA953852DADB219E2A296A1 /* Frameworks */ = {
			isa = PBXGroup;
			children = (
				F7B0784692957DBD63299C76 /* Pods_TEDxOhioStateUniversity.framework */,
			);
			name = Frameworks;
			sourceTree = "<group>";
		};
/* End PBXGroup section */

/* Begin PBXNativeTarget section */
		DC59E6411C5539E10027AE37 /* TEDxOhioStateUniversity */ = {
			isa = PBXNativeTarget;
			buildConfigurationList = DC59E65F1C5539E10027AE37 /* Build configuration list for PBXNativeTarget "TEDxOhioStateUniversity" */;
			buildPhases = (
				922D24D82EBEFDFEFFBD23C3 /* Check Pods Manifest.lock */,
				DC59E63E1C5539E10027AE37 /* Sources */,
				DC59E63F1C5539E10027AE37 /* Frameworks */,
				DC59E6401C5539E10027AE37 /* Resources */,
				630ED90B0FFF392305780893 /* Embed Pods Frameworks */,
				4A050F493B780703FCE0D117 /* Copy Pods Resources */,
			);
			buildRules = (
			);
			dependencies = (
			);
			name = TEDxOhioStateUniversity;
			productName = TEDxOhioStateUniversity;
			productReference = DC59E6421C5539E10027AE37 /* TEDxOhioStateUniversity.app */;
			productType = "com.apple.product-type.application";
		};
		DC59E6551C5539E10027AE37 /* TEDxOhioStateUniversityTests */ = {
			isa = PBXNativeTarget;
			buildConfigurationList = DC59E6621C5539E10027AE37 /* Build configuration list for PBXNativeTarget "TEDxOhioStateUniversityTests" */;
			buildPhases = (
				DC59E6521C5539E10027AE37 /* Sources */,
				DC59E6531C5539E10027AE37 /* Frameworks */,
				DC59E6541C5539E10027AE37 /* Resources */,
			);
			buildRules = (
			);
			dependencies = (
				DC59E6581C5539E10027AE37 /* PBXTargetDependency */,
			);
			name = TEDxOhioStateUniversityTests;
			productName = TEDxOhioStateUniversityTests;
			productReference = DC59E6561C5539E10027AE37 /* TEDxOhioStateUniversityTests.xctest */;
			productType = "com.apple.product-type.bundle.unit-test";
		};
/* End PBXNativeTarget section */

/* Begin PBXProject section */
		DC59E63A1C5539E10027AE37 /* Project object */ = {
			isa = PBXProject;
			attributes = {
				LastSwiftUpdateCheck = 0720;
				LastUpgradeCheck = 0720;
				ORGANIZATIONNAME = "Ishmeet Grewal";
				TargetAttributes = {
					DC59E6411C5539E10027AE37 = {
						CreatedOnToolsVersion = 7.2;
					};
					DC59E6551C5539E10027AE37 = {
						CreatedOnToolsVersion = 7.2;
						TestTargetID = DC59E6411C5539E10027AE37;
					};
				};
			};
			buildConfigurationList = DC59E63D1C5539E10027AE37 /* Build configuration list for PBXProject "TEDxOhioStateUniversity" */;
			compatibilityVersion = "Xcode 3.2";
			developmentRegion = English;
			hasScannedForEncodings = 0;
			knownRegions = (
				en,
				Base,
			);
			mainGroup = DC59E6391C5539E10027AE37;
			productRefGroup = DC59E6431C5539E10027AE37 /* Products */;
			projectDirPath = "";
			projectRoot = "";
			targets = (
				DC59E6411C5539E10027AE37 /* TEDxOhioStateUniversity */,
				DC59E6551C5539E10027AE37 /* TEDxOhioStateUniversityTests */,
			);
		};
/* End PBXProject section */

/* Begin PBXResourcesBuildPhase section */
		DC59E6401C5539E10027AE37 /* Resources */ = {
			isa = PBXResourcesBuildPhase;
			buildActionMask = 2147483647;
			files = (
				DC59E6501C5539E10027AE37 /* LaunchScreen.storyboard in Resources */,
				DC59E64D1C5539E10027AE37 /* Assets.xcassets in Resources */,
				DC59E64B1C5539E10027AE37 /* Main.storyboard in Resources */,
			);
			runOnlyForDeploymentPostprocessing = 0;
		};
		DC59E6541C5539E10027AE37 /* Resources */ = {
			isa = PBXResourcesBuildPhase;
			buildActionMask = 2147483647;
			files = (
			);
			runOnlyForDeploymentPostprocessing = 0;
		};
/* End PBXResourcesBuildPhase section */

/* Begin PBXShellScriptBuildPhase section */
		4A050F493B780703FCE0D117 /* Copy Pods Resources */ = {
			isa = PBXShellScriptBuildPhase;
			buildActionMask = 2147483647;
			files = (
			);
			inputPaths = (
			);
			name = "Copy Pods Resources";
			outputPaths = (
			);
			runOnlyForDeploymentPostprocessing = 0;
			shellPath = /bin/sh;
			shellScript = "\"${SRCROOT}/Pods/Target Support Files/Pods-TEDxOhioStateUniversity/Pods-TEDxOhioStateUniversity-resources.sh\"\n";
			showEnvVarsInLog = 0;
		};
		630ED90B0FFF392305780893 /* Embed Pods Frameworks */ = {
			isa = PBXShellScriptBuildPhase;
			buildActionMask = 2147483647;
			files = (
			);
			inputPaths = (
			);
			name = "Embed Pods Frameworks";
			outputPaths = (
			);
			runOnlyForDeploymentPostprocessing = 0;
			shellPath = /bin/sh;
			shellScript = "\"${SRCROOT}/Pods/Target Support Files/Pods-TEDxOhioStateUniversity/Pods-TEDxOhioStateUniversity-frameworks.sh\"\n";
			showEnvVarsInLog = 0;
		};
		922D24D82EBEFDFEFFBD23C3 /* Check Pods Manifest.lock */ = {
			isa = PBXShellScriptBuildPhase;
			buildActionMask = 2147483647;
			files = (
			);
			inputPaths = (
			);
			name = "Check Pods Manifest.lock";
			outputPaths = (
			);
			runOnlyForDeploymentPostprocessing = 0;
			shellPath = /bin/sh;
			shellScript = "diff \"${PODS_ROOT}/../Podfile.lock\" \"${PODS_ROOT}/Manifest.lock\" > /dev/null\nif [[ $? != 0 ]] ; then\n    cat << EOM\nerror: The sandbox is not in sync with the Podfile.lock. Run 'pod install' or update your CocoaPods installation.\nEOM\n    exit 1\nfi\n";
			showEnvVarsInLog = 0;
		};
/* End PBXShellScriptBuildPhase section */

/* Begin PBXSourcesBuildPhase section */
		DC59E63E1C5539E10027AE37 /* Sources */ = {
			isa = PBXSourcesBuildPhase;
			buildActionMask = 2147483647;
			files = (
				DCB79EEF1C55C54D008B8ABF /* SpeakerTableViewController.swift in Sources */,
				DC59E6661C553CF50027AE37 /* Speaker.swift in Sources */,
				DC59E6681C553D8E0027AE37 /* SpeakerModel.swift in Sources */,
				DCB79EED1C55BAFC008B8ABF /* SpeakerTableViewCell.swift in Sources */,
				DC59E6461C5539E10027AE37 /* AppDelegate.swift in Sources */,
			);
			runOnlyForDeploymentPostprocessing = 0;
		};
		DC59E6521C5539E10027AE37 /* Sources */ = {
			isa = PBXSourcesBuildPhase;
			buildActionMask = 2147483647;
			files = (
				DC59E65B1C5539E10027AE37 /* TEDxOhioStateUniversityTests.swift in Sources */,
			);
			runOnlyForDeploymentPostprocessing = 0;
		};
/* End PBXSourcesBuildPhase section */

/* Begin PBXTargetDependency section */
		DC59E6581C5539E10027AE37 /* PBXTargetDependency */ = {
			isa = PBXTargetDependency;
			target = DC59E6411C5539E10027AE37 /* TEDxOhioStateUniversity */;
			targetProxy = DC59E6571C5539E10027AE37 /* PBXContainerItemProxy */;
		};
/* End PBXTargetDependency section */

/* Begin PBXVariantGroup section */
		DC59E6491C5539E10027AE37 /* Main.storyboard */ = {
			isa = PBXVariantGroup;
			children = (
				DC59E64A1C5539E10027AE37 /* Base */,
			);
			name = Main.storyboard;
			sourceTree = "<group>";
		};
		DC59E64E1C5539E10027AE37 /* LaunchScreen.storyboard */ = {
			isa = PBXVariantGroup;
			children = (
				DC59E64F1C5539E10027AE37 /* Base */,
			);
			name = LaunchScreen.storyboard;
			sourceTree = "<group>";
		};
/* End PBXVariantGroup section */

/* Begin XCBuildConfiguration section */
		DC59E65D1C5539E10027AE37 /* Debug */ = {
			isa = XCBuildConfiguration;
			buildSettings = {
				ALWAYS_SEARCH_USER_PATHS = NO;
				CLANG_CXX_LANGUAGE_STANDARD = "gnu++0x";
				CLANG_CXX_LIBRARY = "libc++";
				CLANG_ENABLE_MODULES = YES;
				CLANG_ENABLE_OBJC_ARC = YES;
				CLANG_WARN_BOOL_CONVERSION = YES;
				CLANG_WARN_CONSTANT_CONVERSION = YES;
				CLANG_WARN_DIRECT_OBJC_ISA_USAGE = YES_ERROR;
				CLANG_WARN_EMPTY_BODY = YES;
				CLANG_WARN_ENUM_CONVERSION = YES;
				CLANG_WARN_INT_CONVERSION = YES;
				CLANG_WARN_OBJC_ROOT_CLASS = YES_ERROR;
				CLANG_WARN_UNREACHABLE_CODE = YES;
				CLANG_WARN__DUPLICATE_METHOD_MATCH = YES;
				"CODE_SIGN_IDENTITY[sdk=iphoneos*]" = "iPhone Developer";
				COPY_PHASE_STRIP = NO;
				DEBUG_INFORMATION_FORMAT = dwarf;
				ENABLE_STRICT_OBJC_MSGSEND = YES;
				ENABLE_TESTABILITY = YES;
				GCC_C_LANGUAGE_STANDARD = gnu99;
				GCC_DYNAMIC_NO_PIC = NO;
				GCC_NO_COMMON_BLOCKS = YES;
				GCC_OPTIMIZATION_LEVEL = 0;
				GCC_PREPROCESSOR_DEFINITIONS = (
					"DEBUG=1",
					"$(inherited)",
				);
				GCC_WARN_64_TO_32_BIT_CONVERSION = YES;
				GCC_WARN_ABOUT_RETURN_TYPE = YES_ERROR;
				GCC_WARN_UNDECLARED_SELECTOR = YES;
				GCC_WARN_UNINITIALIZED_AUTOS = YES_AGGRESSIVE;
				GCC_WARN_UNUSED_FUNCTION = YES;
				GCC_WARN_UNUSED_VARIABLE = YES;
				IPHONEOS_DEPLOYMENT_TARGET = 9.2;
				MTL_ENABLE_DEBUG_INFO = YES;
				ONLY_ACTIVE_ARCH = YES;
				SDKROOT = iphoneos;
				SWIFT_OPTIMIZATION_LEVEL = "-Onone";
				TARGETED_DEVICE_FAMILY = "1,2";
			};
			name = Debug;
		};
		DC59E65E1C5539E10027AE37 /* Release */ = {
			isa = XCBuildConfiguration;
			buildSettings = {
				ALWAYS_SEARCH_USER_PATHS = NO;
				CLANG_CXX_LANGUAGE_STANDARD = "gnu++0x";
				CLANG_CXX_LIBRARY = "libc++";
				CLANG_ENABLE_MODULES = YES;
				CLANG_ENABLE_OBJC_ARC = YES;
				CLANG_WARN_BOOL_CONVERSION = YES;
				CLANG_WARN_CONSTANT_CONVERSION = YES;
				CLANG_WARN_DIRECT_OBJC_ISA_USAGE = YES_ERROR;
				CLANG_WARN_EMPTY_BODY = YES;
				CLANG_WARN_ENUM_CONVERSION = YES;
				CLANG_WARN_INT_CONVERSION = YES;
				CLANG_WARN_OBJC_ROOT_CLASS = YES_ERROR;
				CLANG_WARN_UNREACHABLE_CODE = YES;
				CLANG_WARN__DUPLICATE_METHOD_MATCH = YES;
				"CODE_SIGN_IDENTITY[sdk=iphoneos*]" = "iPhone Developer";
				COPY_PHASE_STRIP = NO;
				DEBUG_INFORMATION_FORMAT = "dwarf-with-dsym";
				ENABLE_NS_ASSERTIONS = NO;
				ENABLE_STRICT_OBJC_MSGSEND = YES;
				GCC_C_LANGUAGE_STANDARD = gnu99;
				GCC_NO_COMMON_BLOCKS = YES;
				GCC_WARN_64_TO_32_BIT_CONVERSION = YES;
				GCC_WARN_ABOUT_RETURN_TYPE = YES_ERROR;
				GCC_WARN_UNDECLARED_SELECTOR = YES;
				GCC_WARN_UNINITIALIZED_AUTOS = YES_AGGRESSIVE;
				GCC_WARN_UNUSED_FUNCTION = YES;
				GCC_WARN_UNUSED_VARIABLE = YES;
				IPHONEOS_DEPLOYMENT_TARGET = 9.2;
				MTL_ENABLE_DEBUG_INFO = NO;
				SDKROOT = iphoneos;
				TARGETED_DEVICE_FAMILY = "1,2";
				VALIDATE_PRODUCT = YES;
			};
			name = Release;
		};
		DC59E6601C5539E10027AE37 /* Debug */ = {
			isa = XCBuildConfiguration;
			baseConfigurationReference = 79C2B414AB1E50F014FC7A2E /* Pods-TEDxOhioStateUniversity.debug.xcconfig */;
			buildSettings = {
				ASSETCATALOG_COMPILER_APPICON_NAME = AppIcon;
				INFOPLIST_FILE = TEDxOhioStateUniversity/Info.plist;
				LD_RUNPATH_SEARCH_PATHS = "$(inherited) @executable_path/Frameworks";
				PRODUCT_BUNDLE_IDENTIFIER = com.ishmeetgrewal.TEDxOhioStateUniversity;
				PRODUCT_NAME = "$(TARGET_NAME)";
			};
			name = Debug;
		};
		DC59E6611C5539E10027AE37 /* Release */ = {
			isa = XCBuildConfiguration;
			baseConfigurationReference = B7EB3CD663F8DBE5177F840B /* Pods-TEDxOhioStateUniversity.release.xcconfig */;
			buildSettings = {
				ASSETCATALOG_COMPILER_APPICON_NAME = AppIcon;
				INFOPLIST_FILE = TEDxOhioStateUniversity/Info.plist;
				LD_RUNPATH_SEARCH_PATHS = "$(inherited) @executable_path/Frameworks";
				PRODUCT_BUNDLE_IDENTIFIER = com.ishmeetgrewal.TEDxOhioStateUniversity;
				PRODUCT_NAME = "$(TARGET_NAME)";
			};
			name = Release;
		};
		DC59E6631C5539E10027AE37 /* Debug */ = {
			isa = XCBuildConfiguration;
			buildSettings = {
				BUNDLE_LOADER = "$(TEST_HOST)";
				INFOPLIST_FILE = TEDxOhioStateUniversityTests/Info.plist;
				LD_RUNPATH_SEARCH_PATHS = "$(inherited) @executable_path/Frameworks @loader_path/Frameworks";
				PRODUCT_BUNDLE_IDENTIFIER = com.ishmeetgrewal.TEDxOhioStateUniversityTests;
				PRODUCT_NAME = "$(TARGET_NAME)";
				TEST_HOST = "$(BUILT_PRODUCTS_DIR)/TEDxOhioStateUniversity.app/TEDxOhioStateUniversity";
			};
			name = Debug;
		};
		DC59E6641C5539E10027AE37 /* Release */ = {
			isa = XCBuildConfiguration;
			buildSettings = {
				BUNDLE_LOADER = "$(TEST_HOST)";
				INFOPLIST_FILE = TEDxOhioStateUniversityTests/Info.plist;
				LD_RUNPATH_SEARCH_PATHS = "$(inherited) @executable_path/Frameworks @loader_path/Frameworks";
				PRODUCT_BUNDLE_IDENTIFIER = com.ishmeetgrewal.TEDxOhioStateUniversityTests;
				PRODUCT_NAME = "$(TARGET_NAME)";
				TEST_HOST = "$(BUILT_PRODUCTS_DIR)/TEDxOhioStateUniversity.app/TEDxOhioStateUniversity";
			};
			name = Release;
		};
/* End XCBuildConfiguration section */

/* Begin XCConfigurationList section */
		DC59E63D1C5539E10027AE37 /* Build configuration list for PBXProject "TEDxOhioStateUniversity" */ = {
			isa = XCConfigurationList;
			buildConfigurations = (
				DC59E65D1C5539E10027AE37 /* Debug */,
				DC59E65E1C5539E10027AE37 /* Release */,
			);
			defaultConfigurationIsVisible = 0;
			defaultConfigurationName = Release;
		};
		DC59E65F1C5539E10027AE37 /* Build configuration list for PBXNativeTarget "TEDxOhioStateUniversity" */ = {
			isa = XCConfigurationList;
			buildConfigurations = (
				DC59E6601C5539E10027AE37 /* Debug */,
				DC59E6611C5539E10027AE37 /* Release */,
			);
			defaultConfigurationIsVisible = 0;
			defaultConfigurationName = Release;
		};
		DC59E6621C5539E10027AE37 /* Build configuration list for PBXNativeTarget "TEDxOhioStateUniversityTests" */ = {
			isa = XCConfigurationList;
			buildConfigurations = (
				DC59E6631C5539E10027AE37 /* Debug */,
				DC59E6641C5539E10027AE37 /* Release */,
			);
			defaultConfigurationIsVisible = 0;
			defaultConfigurationName = Release;
		};
/* End XCConfigurationList section */
	};
	rootObject = DC59E63A1C5539E10027AE37 /* Project object */;
}
